
Microsoft Visual Studio Solution File, Format Version 12.00
# Visual Studio Version 17
VisualStudioVersion = 17.14.36518.9
MinimumVisualStudioVersion = 10.0.40219.1
Project("{FAE04EC0-301F-11D3-BF4B-00C04F79EFBC}") = "DJ Promo", "DJ Promo\DJ Promo.csproj", "{2928E11C-6AB8-455C-9CD5-5039D3CE8640}"
EndProject
Global
	GlobalSection(SolutionConfigurationPlatforms) = preSolution
		Debug|Any CPU = Debug|Any CPU
		Release|Any CPU = Release|Any CPU
	EndGlobalSection
	GlobalSection(ProjectConfigurationPlatforms) = postSolution
		{2928E11C-6AB8-455C-9CD5-5039D3CE8640}.Debug|Any CPU.ActiveCfg = Debug|Any CPU
		{2928E11C-6AB8-455C-9CD5-5039D3CE8640}.Debug|Any CPU.Build.0 = Debug|Any CPU
		{2928E11C-6AB8-455C-9CD5-5039D3CE8640}.Release|Any CPU.ActiveCfg = Release|Any CPU
		{2928E11C-6AB8-455C-9CD5-5039D3CE8640}.Release|Any CPU.Build.0 = Release|Any CPU
	EndGlobalSection
	GlobalSection(SolutionProperties) = preSolution
		HideSolutionNode = FALSE
	EndGlobalSection
	GlobalSection(ExtensibilityGlobals) = postSolution
		SolutionGuid = {693AEF82-43B2-4383-B16A-A21E18938C96}
	EndGlobalSection
EndGlobal
